
Microsoft Visual Studio Solution File, Format Version 12.00
# Visual Studio Version 17
VisualStudioVersion = 17.8.34525.116
MinimumVisualStudioVersion = 10.0.40219.1
Project("{FAE04EC0-301F-11D3-BF4B-00C04F79EFBC}") = "TicketDetalle", "TicketDetalle.csproj", "{61332C48-1DB4-414E-AEEE-153406C70D7B}"
EndProject
Global
	GlobalSection(SolutionConfigurationPlatforms) = preSolution
		Debug|Any CPU = Debug|Any CPU
		Release|Any CPU = Release|Any CPU
	EndGlobalSection
	GlobalSection(ProjectConfigurationPlatforms) = postSolution
		{61332C48-1DB4-414E-AEEE-153406C70D7B}.Debug|Any CPU.ActiveCfg = Debug|Any CPU
		{61332C48-1DB4-414E-AEEE-153406C70D7B}.Debug|Any CPU.Build.0 = Debug|Any CPU
		{61332C48-1DB4-414E-AEEE-153406C70D7B}.Release|Any CPU.ActiveCfg = Release|Any CPU
		{61332C48-1DB4-414E-AEEE-153406C70D7B}.Release|Any CPU.Build.0 = Release|Any CPU
	EndGlobalSection
	GlobalSection(SolutionProperties) = preSolution
		HideSolutionNode = FALSE
	EndGlobalSection
	GlobalSection(ExtensibilityGlobals) = postSolution
		SolutionGuid = {B80639BB-A90F-45EF-9D7B-8E1337407569}
	EndGlobalSection
EndGlobal
